
Microsoft Visual Studio Solution File, Format Version 12.00
# Visual Studio 15
VisualStudioVersion = 15.0.26124.0
MinimumVisualStudioVersion = 15.0.26124.0
Project("{2150E333-8FDC-42A3-9474-1A3956D46DE8}") = "src", "src", "{110133DB-0A37-42FC-93A1-58199CC1E25B}"
EndProject
Project("{FAE04EC0-301F-11D3-BF4B-00C04F79EFBC}") = "IdentityServer", "src\IdentityServer\IdentityServer.csproj", "{70B67334-7905-4422-B544-6BBA80D4D8CF}"
EndProject
Project("{FAE04EC0-301F-11D3-BF4B-00C04F79EFBC}") = "Api", "src\Api\Api.csproj", "{7F793E84-95B0-423C-829B-F2243BE012DA}"
EndProject
Project("{FAE04EC0-301F-11D3-BF4B-00C04F79EFBC}") = "Client", "src\Client\Client.csproj", "{5438018E-8BBC-492E-A3E8-F6D3D959C258}"
EndProject
Global
	GlobalSection(SolutionConfigurationPlatforms) = preSolution
		Debug|Any CPU = Debug|Any CPU
		Debug|x64 = Debug|x64
		Debug|x86 = Debug|x86
		Release|Any CPU = Release|Any CPU
		Release|x64 = Release|x64
		Release|x86 = Release|x86
	EndGlobalSection
	GlobalSection(SolutionProperties) = preSolution
		HideSolutionNode = FALSE
	EndGlobalSection
	GlobalSection(ProjectConfigurationPlatforms) = postSolution
		{70B67334-7905-4422-B544-6BBA80D4D8CF}.Debug|Any CPU.ActiveCfg = Debug|Any CPU
		{70B67334-7905-4422-B544-6BBA80D4D8CF}.Debug|Any CPU.Build.0 = Debug|Any CPU
		{70B67334-7905-4422-B544-6BBA80D4D8CF}.Debug|x64.ActiveCfg = Debug|Any CPU
		{70B67334-7905-4422-B544-6BBA80D4D8CF}.Debug|x64.Build.0 = Debug|Any CPU
		{70B67334-7905-4422-B544-6BBA80D4D8CF}.Debug|x86.ActiveCfg = Debug|Any CPU
		{70B67334-7905-4422-B544-6BBA80D4D8CF}.Debug|x86.Build.0 = Debug|Any CPU
		{70B67334-7905-4422-B544-6BBA80D4D8CF}.Release|Any CPU.ActiveCfg = Release|Any CPU
		{70B67334-7905-4422-B544-6BBA80D4D8CF}.Release|Any CPU.Build.0 = Release|Any CPU
		{70B67334-7905-4422-B544-6BBA80D4D8CF}.Release|x64.ActiveCfg = Release|Any CPU
		{70B67334-7905-4422-B544-6BBA80D4D8CF}.Release|x64.Build.0 = Release|Any CPU
		{70B67334-7905-4422-B544-6BBA80D4D8CF}.Release|x86.ActiveCfg = Release|Any CPU
		{70B67334-7905-4422-B544-6BBA80D4D8CF}.Release|x86.Build.0 = Release|Any CPU
		{7F793E84-95B0-423C-829B-F2243BE012DA}.Debug|Any CPU.ActiveCfg = Debug|Any CPU
		{7F793E84-95B0-423C-829B-F2243BE012DA}.Debug|Any CPU.Build.0 = Debug|Any CPU
		{7F793E84-95B0-423C-829B-F2243BE012DA}.Debug|x64.ActiveCfg = Debug|Any CPU
		{7F793E84-95B0-423C-829B-F2243BE012DA}.Debug|x64.Build.0 = Debug|Any CPU
		{7F793E84-95B0-423C-829B-F2243BE012DA}.Debug|x86.ActiveCfg = Debug|Any CPU
		{7F793E84-95B0-423C-829B-F2243BE012DA}.Debug|x86.Build.0 = Debug|Any CPU
		{7F793E84-95B0-423C-829B-F2243BE012DA}.Release|Any CPU.ActiveCfg = Release|Any CPU
		{7F793E84-95B0-423C-829B-F2243BE012DA}.Release|Any CPU.Build.0 = Release|Any CPU
		{7F793E84-95B0-423C-829B-F2243BE012DA}.Release|x64.ActiveCfg = Release|Any CPU
		{7F793E84-95B0-423C-829B-F2243BE012DA}.Release|x64.Build.0 = Release|Any CPU
		{7F793E84-95B0-423C-829B-F2243BE012DA}.Release|x86.ActiveCfg = Release|Any CPU
		{7F793E84-95B0-423C-829B-F2243BE012DA}.Release|x86.Build.0 = Release|Any CPU
		{5438018E-8BBC-492E-A3E8-F6D3D959C258}.Debug|Any CPU.ActiveCfg = Debug|Any CPU
		{5438018E-8BBC-492E-A3E8-F6D3D959C258}.Debug|Any CPU.Build.0 = Debug|Any CPU
		{5438018E-8BBC-492E-A3E8-F6D3D959C258}.Debug|x64.ActiveCfg = Debug|Any CPU
		{5438018E-8BBC-492E-A3E8-F6D3D959C258}.Debug|x64.Build.0 = Debug|Any CPU
		{5438018E-8BBC-492E-A3E8-F6D3D959C258}.Debug|x86.ActiveCfg = Debug|Any CPU
		{5438018E-8BBC-492E-A3E8-F6D3D959C258}.Debug|x86.Build.0 = Debug|Any CPU
		{5438018E-8BBC-492E-A3E8-F6D3D959C258}.Release|Any CPU.ActiveCfg = Release|Any CPU
		{5438018E-8BBC-492E-A3E8-F6D3D959C258}.Release|Any CPU.Build.0 = Release|Any CPU
		{5438018E-8BBC-492E-A3E8-F6D3D959C258}.Release|x64.ActiveCfg = Release|Any CPU
		{5438018E-8BBC-492E-A3E8-F6D3D959C258}.Release|x64.Build.0 = Release|Any CPU
		{5438018E-8BBC-492E-A3E8-F6D3D959C258}.Release|x86.ActiveCfg = Release|Any CPU
		{5438018E-8BBC-492E-A3E8-F6D3D959C258}.Release|x86.Build.0 = Release|Any CPU
	EndGlobalSection
	GlobalSection(NestedProjects) = preSolution
		{70B67334-7905-4422-B544-6BBA80D4D8CF} = {110133DB-0A37-42FC-93A1-58199CC1E25B}
		{7F793E84-95B0-423C-829B-F2243BE012DA} = {110133DB-0A37-42FC-93A1-58199CC1E25B}
		{5438018E-8BBC-492E-A3E8-F6D3D959C258} = {110133DB-0A37-42FC-93A1-58199CC1E25B}
	EndGlobalSection
EndGlobal
